
Microsoft Visual Studio Solution File, Format Version 12.00
# Visual Studio Version 16
VisualStudioVersion = 16.0.29001.49
MinimumVisualStudioVersion = 10.0.40219.1
Project("{FAE04EC0-301F-11D3-BF4B-00C04F79EFBC}") = "Zad1", "Zad1.csproj", "{F06B1140-AAC1-41BD-857A-28A5E1DD7AA0}"
EndProject
Global
	GlobalSection(SolutionConfigurationPlatforms) = preSolution
		Debug|Any CPU = Debug|Any CPU
		Release|Any CPU = Release|Any CPU
	EndGlobalSection
	GlobalSection(ProjectConfigurationPlatforms) = postSolution
		{F06B1140-AAC1-41BD-857A-28A5E1DD7AA0}.Debug|Any CPU.ActiveCfg = Debug|Any CPU
		{F06B1140-AAC1-41BD-857A-28A5E1DD7AA0}.Debug|Any CPU.Build.0 = Debug|Any CPU
		{F06B1140-AAC1-41BD-857A-28A5E1DD7AA0}.Release|Any CPU.ActiveCfg = Release|Any CPU
		{F06B1140-AAC1-41BD-857A-28A5E1DD7AA0}.Release|Any CPU.Build.0 = Release|Any CPU
	EndGlobalSection
	GlobalSection(SolutionProperties) = preSolution
		HideSolutionNode = FALSE
	EndGlobalSection
	GlobalSection(ExtensibilityGlobals) = postSolution
		SolutionGuid = {515A1960-0BB1-4A72-B43B-F74ACCA42943}
	EndGlobalSection
EndGlobal
